
Microsoft Visual Studio Solution File, Format Version 12.00
# Visual Studio 15
VisualStudioVersion = 15.0.28307.421
MinimumVisualStudioVersion = 10.0.40219.1
Project("{FAE04EC0-301F-11D3-BF4B-00C04F79EFBC}") = "WebApplication1", "WebApplication1\WebApplication1.csproj", "{BC23409D-F2BC-47A8-BB75-7FCFC210047D}"
EndProject
Global
	GlobalSection(SolutionConfigurationPlatforms) = preSolution
		Debug|Any CPU = Debug|Any CPU
		Release|Any CPU = Release|Any CPU
	EndGlobalSection
	GlobalSection(ProjectConfigurationPlatforms) = postSolution
		{BC23409D-F2BC-47A8-BB75-7FCFC210047D}.Debug|Any CPU.ActiveCfg = Debug|Any CPU
		{BC23409D-F2BC-47A8-BB75-7FCFC210047D}.Debug|Any CPU.Build.0 = Debug|Any CPU
		{BC23409D-F2BC-47A8-BB75-7FCFC210047D}.Release|Any CPU.ActiveCfg = Release|Any CPU
		{BC23409D-F2BC-47A8-BB75-7FCFC210047D}.Release|Any CPU.Build.0 = Release|Any CPU
	EndGlobalSection
	GlobalSection(SolutionProperties) = preSolution
		HideSolutionNode = FALSE
	EndGlobalSection
	GlobalSection(ExtensibilityGlobals) = postSolution
		SolutionGuid = {9F4FEBA0-E1CE-4F7B-9E77-D1562A27534A}
	EndGlobalSection
EndGlobal
